
Microsoft Visual Studio Solution File, Format Version 12.00
# Visual Studio Version 17
VisualStudioVersion = 17.7.34202.233
MinimumVisualStudioVersion = 10.0.40219.1
Project("{FAE04EC0-301F-11D3-BF4B-00C04F79EFBC}") = "bankatest", "bankatest\bankatest.csproj", "{C93D10DA-A467-45AD-A9C1-C8C351C4489A}"
EndProject
Global
	GlobalSection(SolutionConfigurationPlatforms) = preSolution
		Debug|Any CPU = Debug|Any CPU
		Release|Any CPU = Release|Any CPU
	EndGlobalSection
	GlobalSection(ProjectConfigurationPlatforms) = postSolution
		{C93D10DA-A467-45AD-A9C1-C8C351C4489A}.Debug|Any CPU.ActiveCfg = Debug|Any CPU
		{C93D10DA-A467-45AD-A9C1-C8C351C4489A}.Debug|Any CPU.Build.0 = Debug|Any CPU
		{C93D10DA-A467-45AD-A9C1-C8C351C4489A}.Release|Any CPU.ActiveCfg = Release|Any CPU
		{C93D10DA-A467-45AD-A9C1-C8C351C4489A}.Release|Any CPU.Build.0 = Release|Any CPU
	EndGlobalSection
	GlobalSection(SolutionProperties) = preSolution
		HideSolutionNode = FALSE
	EndGlobalSection
	GlobalSection(ExtensibilityGlobals) = postSolution
		SolutionGuid = {C7703B22-A3D2-4FFE-90C7-87AFC332AEDB}
	EndGlobalSection
EndGlobal
